
Microsoft Visual Studio Solution File, Format Version 12.00
# Visual Studio Version 17
VisualStudioVersion = 17.5.33414.496
MinimumVisualStudioVersion = 10.0.40219.1
Project("{2150E333-8FDC-42A3-9474-1A3956D46DE8}") = "Services", "Services", "{D297FAF7-1774-4D3E-9B4A-52FA9617148C}"
EndProject
Project("{2150E333-8FDC-42A3-9474-1A3956D46DE8}") = "Catalog", "Catalog", "{55A36690-7E6F-4AF6-97A6-FFFADD79D989}"
EndProject
Project("{9A19103F-16F7-4668-BE54-9A1E7A4F7556}") = "Catalog_API", "Services\Catalog\Catalog_API\Catalog_API.csproj", "{44F343C6-AAD9-453B-A40D-C424ECC95A78}"
EndProject
Project("{E53339B2-1760-4266-BCC7-CA923CBCF16C}") = "docker-compose", "docker-compose.dcproj", "{67ADFE05-1CD5-4465-819D-2D11928EEF41}"
EndProject
Global
	GlobalSection(SolutionConfigurationPlatforms) = preSolution
		Debug|Any CPU = Debug|Any CPU
		Release|Any CPU = Release|Any CPU
	EndGlobalSection
	GlobalSection(ProjectConfigurationPlatforms) = postSolution
		{44F343C6-AAD9-453B-A40D-C424ECC95A78}.Debug|Any CPU.ActiveCfg = Debug|Any CPU
		{44F343C6-AAD9-453B-A40D-C424ECC95A78}.Debug|Any CPU.Build.0 = Debug|Any CPU
		{44F343C6-AAD9-453B-A40D-C424ECC95A78}.Release|Any CPU.ActiveCfg = Release|Any CPU
		{44F343C6-AAD9-453B-A40D-C424ECC95A78}.Release|Any CPU.Build.0 = Release|Any CPU
		{67ADFE05-1CD5-4465-819D-2D11928EEF41}.Debug|Any CPU.ActiveCfg = Debug|Any CPU
		{67ADFE05-1CD5-4465-819D-2D11928EEF41}.Debug|Any CPU.Build.0 = Debug|Any CPU
		{67ADFE05-1CD5-4465-819D-2D11928EEF41}.Release|Any CPU.ActiveCfg = Release|Any CPU
		{67ADFE05-1CD5-4465-819D-2D11928EEF41}.Release|Any CPU.Build.0 = Release|Any CPU
	EndGlobalSection
	GlobalSection(SolutionProperties) = preSolution
		HideSolutionNode = FALSE
	EndGlobalSection
	GlobalSection(NestedProjects) = preSolution
		{55A36690-7E6F-4AF6-97A6-FFFADD79D989} = {D297FAF7-1774-4D3E-9B4A-52FA9617148C}
		{44F343C6-AAD9-453B-A40D-C424ECC95A78} = {55A36690-7E6F-4AF6-97A6-FFFADD79D989}
	EndGlobalSection
	GlobalSection(ExtensibilityGlobals) = postSolution
		SolutionGuid = {BD8A901F-3277-4CEC-838E-2D06C1F1055B}
	EndGlobalSection
EndGlobal
