
Microsoft Visual Studio Solution File, Format Version 12.00
# Visual Studio Version 17
VisualStudioVersion = 17.5.33414.496
MinimumVisualStudioVersion = 10.0.40219.1
Project("{2150E333-8FDC-42A3-9474-1A3956D46DE8}") = "Services", "Services", "{D297FAF7-1774-4D3E-9B4A-52FA9617148C}"
EndProject
Project("{2150E333-8FDC-42A3-9474-1A3956D46DE8}") = "Catalog", "Catalog", "{55A36690-7E6F-4AF6-97A6-FFFADD79D989}"
EndProject
Project("{9A19103F-16F7-4668-BE54-9A1E7A4F7556}") = "Catalog_API", "Services\Catalog\Catalog_API\Catalog_API.csproj", "{44F343C6-AAD9-453B-A40D-C424ECC95A78}"
EndProject
Project("{E53339B2-1760-4266-BCC7-CA923CBCF16C}") = "docker-compose", "docker-compose.dcproj", "{BFFB6381-6995-4F48-95E5-38A87206E26E}"
EndProject
Project("{2150E333-8FDC-42A3-9474-1A3956D46DE8}") = "Basket", "Basket", "{CC207A7E-E4B6-4D35-A927-9D48954B4476}"
EndProject
Project("{9A19103F-16F7-4668-BE54-9A1E7A4F7556}") = "Basket_API", "Services\Basket\Basket_API\Basket_API.csproj", "{00587045-2148-47C4-BA7C-821EDA29B684}"
EndProject
Project("{2150E333-8FDC-42A3-9474-1A3956D46DE8}") = "Discount", "Discount", "{A7EEF2E7-9377-4824-B2CB-9D684D0067DA}"
EndProject
Project("{9A19103F-16F7-4668-BE54-9A1E7A4F7556}") = "Discount_API", "Services\Discount\Discount_API\Discount_API.csproj", "{30DF054D-6486-4544-AA3E-2AD57143F0BC}"
EndProject
Project("{9A19103F-16F7-4668-BE54-9A1E7A4F7556}") = "Dicount_GRPC", "Services\Discount\Dicount_GRPC\Dicount_GRPC.csproj", "{D701139D-50A9-4112-AF63-4708ED30DFD0}"
EndProject
Project("{2150E333-8FDC-42A3-9474-1A3956D46DE8}") = "Ordering", "Ordering", "{3232E40B-9D4A-4A2A-859A-041DC0244DB8}"
	ProjectSection(SolutionItems) = preProject
		Services\Ordering\Dockerfile = Services\Ordering\Dockerfile
	EndProjectSection
EndProject
Project("{9A19103F-16F7-4668-BE54-9A1E7A4F7556}") = "Ordering_API", "Services\Ordering\Ordering_API\Ordering_API.csproj", "{793F8B9E-5638-4962-857B-A6C3DA49BED0}"
EndProject
Project("{9A19103F-16F7-4668-BE54-9A1E7A4F7556}") = "Ordering_Application", "Services\Ordering\Ordering_Application\Ordering_Application.csproj", "{E909389E-8CCC-4192-B52F-83B2680E403A}"
EndProject
Project("{9A19103F-16F7-4668-BE54-9A1E7A4F7556}") = "Ordering_Domain", "Services\Ordering\Ordering_Domain\Ordering_Domain.csproj", "{B9222816-2BB1-494A-A0BB-147CE6D80CE2}"
EndProject
Project("{9A19103F-16F7-4668-BE54-9A1E7A4F7556}") = "Ordering_Infrastructure", "Services\Ordering\Ordering_Infrastructure\Ordering_Infrastructure.csproj", "{20248B51-6E47-4A18-AB71-710ED801E356}"
EndProject
Project("{2150E333-8FDC-42A3-9474-1A3956D46DE8}") = "BuildingBlocks", "BuildingBlocks", "{94FB0437-C02A-4A5E-A898-9A6B1C264366}"
EndProject
Project("{FAE04EC0-301F-11D3-BF4B-00C04F79EFBC}") = "EventBus_Message", "..\BuildingBlocks\EventBus_Message\EventBus_Message.csproj", "{07A7FF5E-65A3-47F6-9907-E4987D33ADA4}"
EndProject
Global
	GlobalSection(SolutionConfigurationPlatforms) = preSolution
		Debug|Any CPU = Debug|Any CPU
		Release|Any CPU = Release|Any CPU
	EndGlobalSection
	GlobalSection(ProjectConfigurationPlatforms) = postSolution
		{44F343C6-AAD9-453B-A40D-C424ECC95A78}.Debug|Any CPU.ActiveCfg = Debug|Any CPU
		{44F343C6-AAD9-453B-A40D-C424ECC95A78}.Debug|Any CPU.Build.0 = Debug|Any CPU
		{44F343C6-AAD9-453B-A40D-C424ECC95A78}.Release|Any CPU.ActiveCfg = Release|Any CPU
		{44F343C6-AAD9-453B-A40D-C424ECC95A78}.Release|Any CPU.Build.0 = Release|Any CPU
		{BFFB6381-6995-4F48-95E5-38A87206E26E}.Debug|Any CPU.ActiveCfg = Debug|Any CPU
		{BFFB6381-6995-4F48-95E5-38A87206E26E}.Debug|Any CPU.Build.0 = Debug|Any CPU
		{BFFB6381-6995-4F48-95E5-38A87206E26E}.Release|Any CPU.ActiveCfg = Release|Any CPU
		{BFFB6381-6995-4F48-95E5-38A87206E26E}.Release|Any CPU.Build.0 = Release|Any CPU
		{00587045-2148-47C4-BA7C-821EDA29B684}.Debug|Any CPU.ActiveCfg = Debug|Any CPU
		{00587045-2148-47C4-BA7C-821EDA29B684}.Debug|Any CPU.Build.0 = Debug|Any CPU
		{00587045-2148-47C4-BA7C-821EDA29B684}.Release|Any CPU.ActiveCfg = Release|Any CPU
		{00587045-2148-47C4-BA7C-821EDA29B684}.Release|Any CPU.Build.0 = Release|Any CPU
		{30DF054D-6486-4544-AA3E-2AD57143F0BC}.Debug|Any CPU.ActiveCfg = Debug|Any CPU
		{30DF054D-6486-4544-AA3E-2AD57143F0BC}.Debug|Any CPU.Build.0 = Debug|Any CPU
		{30DF054D-6486-4544-AA3E-2AD57143F0BC}.Release|Any CPU.ActiveCfg = Release|Any CPU
		{30DF054D-6486-4544-AA3E-2AD57143F0BC}.Release|Any CPU.Build.0 = Release|Any CPU
		{D701139D-50A9-4112-AF63-4708ED30DFD0}.Debug|Any CPU.ActiveCfg = Debug|Any CPU
		{D701139D-50A9-4112-AF63-4708ED30DFD0}.Debug|Any CPU.Build.0 = Debug|Any CPU
		{D701139D-50A9-4112-AF63-4708ED30DFD0}.Release|Any CPU.ActiveCfg = Release|Any CPU
		{D701139D-50A9-4112-AF63-4708ED30DFD0}.Release|Any CPU.Build.0 = Release|Any CPU
		{793F8B9E-5638-4962-857B-A6C3DA49BED0}.Debug|Any CPU.ActiveCfg = Debug|Any CPU
		{793F8B9E-5638-4962-857B-A6C3DA49BED0}.Debug|Any CPU.Build.0 = Debug|Any CPU
		{793F8B9E-5638-4962-857B-A6C3DA49BED0}.Release|Any CPU.ActiveCfg = Release|Any CPU
		{793F8B9E-5638-4962-857B-A6C3DA49BED0}.Release|Any CPU.Build.0 = Release|Any CPU
		{E909389E-8CCC-4192-B52F-83B2680E403A}.Debug|Any CPU.ActiveCfg = Debug|Any CPU
		{E909389E-8CCC-4192-B52F-83B2680E403A}.Debug|Any CPU.Build.0 = Debug|Any CPU
		{E909389E-8CCC-4192-B52F-83B2680E403A}.Release|Any CPU.ActiveCfg = Release|Any CPU
		{E909389E-8CCC-4192-B52F-83B2680E403A}.Release|Any CPU.Build.0 = Release|Any CPU
		{B9222816-2BB1-494A-A0BB-147CE6D80CE2}.Debug|Any CPU.ActiveCfg = Debug|Any CPU
		{B9222816-2BB1-494A-A0BB-147CE6D80CE2}.Debug|Any CPU.Build.0 = Debug|Any CPU
		{B9222816-2BB1-494A-A0BB-147CE6D80CE2}.Release|Any CPU.ActiveCfg = Release|Any CPU
		{B9222816-2BB1-494A-A0BB-147CE6D80CE2}.Release|Any CPU.Build.0 = Release|Any CPU
		{20248B51-6E47-4A18-AB71-710ED801E356}.Debug|Any CPU.ActiveCfg = Debug|Any CPU
		{20248B51-6E47-4A18-AB71-710ED801E356}.Debug|Any CPU.Build.0 = Debug|Any CPU
		{20248B51-6E47-4A18-AB71-710ED801E356}.Release|Any CPU.ActiveCfg = Release|Any CPU
		{20248B51-6E47-4A18-AB71-710ED801E356}.Release|Any CPU.Build.0 = Release|Any CPU
		{07A7FF5E-65A3-47F6-9907-E4987D33ADA4}.Debug|Any CPU.ActiveCfg = Debug|Any CPU
		{07A7FF5E-65A3-47F6-9907-E4987D33ADA4}.Debug|Any CPU.Build.0 = Debug|Any CPU
		{07A7FF5E-65A3-47F6-9907-E4987D33ADA4}.Release|Any CPU.ActiveCfg = Release|Any CPU
		{07A7FF5E-65A3-47F6-9907-E4987D33ADA4}.Release|Any CPU.Build.0 = Release|Any CPU
	EndGlobalSection
	GlobalSection(SolutionProperties) = preSolution
		HideSolutionNode = FALSE
	EndGlobalSection
	GlobalSection(NestedProjects) = preSolution
		{55A36690-7E6F-4AF6-97A6-FFFADD79D989} = {D297FAF7-1774-4D3E-9B4A-52FA9617148C}
		{44F343C6-AAD9-453B-A40D-C424ECC95A78} = {55A36690-7E6F-4AF6-97A6-FFFADD79D989}
		{CC207A7E-E4B6-4D35-A927-9D48954B4476} = {D297FAF7-1774-4D3E-9B4A-52FA9617148C}
		{00587045-2148-47C4-BA7C-821EDA29B684} = {CC207A7E-E4B6-4D35-A927-9D48954B4476}
		{A7EEF2E7-9377-4824-B2CB-9D684D0067DA} = {D297FAF7-1774-4D3E-9B4A-52FA9617148C}
		{30DF054D-6486-4544-AA3E-2AD57143F0BC} = {A7EEF2E7-9377-4824-B2CB-9D684D0067DA}
		{D701139D-50A9-4112-AF63-4708ED30DFD0} = {A7EEF2E7-9377-4824-B2CB-9D684D0067DA}
		{3232E40B-9D4A-4A2A-859A-041DC0244DB8} = {D297FAF7-1774-4D3E-9B4A-52FA9617148C}
		{793F8B9E-5638-4962-857B-A6C3DA49BED0} = {3232E40B-9D4A-4A2A-859A-041DC0244DB8}
		{E909389E-8CCC-4192-B52F-83B2680E403A} = {3232E40B-9D4A-4A2A-859A-041DC0244DB8}
		{B9222816-2BB1-494A-A0BB-147CE6D80CE2} = {3232E40B-9D4A-4A2A-859A-041DC0244DB8}
		{20248B51-6E47-4A18-AB71-710ED801E356} = {3232E40B-9D4A-4A2A-859A-041DC0244DB8}
		{07A7FF5E-65A3-47F6-9907-E4987D33ADA4} = {94FB0437-C02A-4A5E-A898-9A6B1C264366}
	EndGlobalSection
	GlobalSection(ExtensibilityGlobals) = postSolution
		SolutionGuid = {BD8A901F-3277-4CEC-838E-2D06C1F1055B}
	EndGlobalSection
EndGlobal
