
Microsoft Visual Studio Solution File, Format Version 12.00
# Visual Studio Version 17
VisualStudioVersion = 17.5.33414.496
MinimumVisualStudioVersion = 10.0.40219.1
Project("{2150E333-8FDC-42A3-9474-1A3956D46DE8}") = "Services", "Services", "{D297FAF7-1774-4D3E-9B4A-52FA9617148C}"
EndProject
Project("{2150E333-8FDC-42A3-9474-1A3956D46DE8}") = "Catalog", "Catalog", "{55A36690-7E6F-4AF6-97A6-FFFADD79D989}"
EndProject
Project("{9A19103F-16F7-4668-BE54-9A1E7A4F7556}") = "Catalog_API", "Services\Catalog\Catalog_API\Catalog_API.csproj", "{44F343C6-AAD9-453B-A40D-C424ECC95A78}"
EndProject
Project("{E53339B2-1760-4266-BCC7-CA923CBCF16C}") = "docker-compose", "docker-compose.dcproj", "{BFFB6381-6995-4F48-95E5-38A87206E26E}"
EndProject
Project("{2150E333-8FDC-42A3-9474-1A3956D46DE8}") = "Basket", "Basket", "{CC207A7E-E4B6-4D35-A927-9D48954B4476}"
EndProject
Project("{9A19103F-16F7-4668-BE54-9A1E7A4F7556}") = "Basket_API", "Services\Basket\Basket_API\Basket_API.csproj", "{00587045-2148-47C4-BA7C-821EDA29B684}"
EndProject
Project("{2150E333-8FDC-42A3-9474-1A3956D46DE8}") = "Discount", "Discount", "{A7EEF2E7-9377-4824-B2CB-9D684D0067DA}"
EndProject
Project("{9A19103F-16F7-4668-BE54-9A1E7A4F7556}") = "Discount_API", "Services\Discount\Discount_API\Discount_API.csproj", "{30DF054D-6486-4544-AA3E-2AD57143F0BC}"
EndProject
Project("{9A19103F-16F7-4668-BE54-9A1E7A4F7556}") = "Dicount_GRPC", "Services\Discount\Dicount_GRPC\Dicount_GRPC.csproj", "{D701139D-50A9-4112-AF63-4708ED30DFD0}"
EndProject
Global
	GlobalSection(SolutionConfigurationPlatforms) = preSolution
		Debug|Any CPU = Debug|Any CPU
		Release|Any CPU = Release|Any CPU
	EndGlobalSection
	GlobalSection(ProjectConfigurationPlatforms) = postSolution
		{44F343C6-AAD9-453B-A40D-C424ECC95A78}.Debug|Any CPU.ActiveCfg = Debug|Any CPU
		{44F343C6-AAD9-453B-A40D-C424ECC95A78}.Debug|Any CPU.Build.0 = Debug|Any CPU
		{44F343C6-AAD9-453B-A40D-C424ECC95A78}.Release|Any CPU.ActiveCfg = Release|Any CPU
		{44F343C6-AAD9-453B-A40D-C424ECC95A78}.Release|Any CPU.Build.0 = Release|Any CPU
		{BFFB6381-6995-4F48-95E5-38A87206E26E}.Debug|Any CPU.ActiveCfg = Debug|Any CPU
		{BFFB6381-6995-4F48-95E5-38A87206E26E}.Debug|Any CPU.Build.0 = Debug|Any CPU
		{BFFB6381-6995-4F48-95E5-38A87206E26E}.Release|Any CPU.ActiveCfg = Release|Any CPU
		{BFFB6381-6995-4F48-95E5-38A87206E26E}.Release|Any CPU.Build.0 = Release|Any CPU
		{00587045-2148-47C4-BA7C-821EDA29B684}.Debug|Any CPU.ActiveCfg = Debug|Any CPU
		{00587045-2148-47C4-BA7C-821EDA29B684}.Debug|Any CPU.Build.0 = Debug|Any CPU
		{00587045-2148-47C4-BA7C-821EDA29B684}.Release|Any CPU.ActiveCfg = Release|Any CPU
		{00587045-2148-47C4-BA7C-821EDA29B684}.Release|Any CPU.Build.0 = Release|Any CPU
		{30DF054D-6486-4544-AA3E-2AD57143F0BC}.Debug|Any CPU.ActiveCfg = Debug|Any CPU
		{30DF054D-6486-4544-AA3E-2AD57143F0BC}.Debug|Any CPU.Build.0 = Debug|Any CPU
		{30DF054D-6486-4544-AA3E-2AD57143F0BC}.Release|Any CPU.ActiveCfg = Release|Any CPU
		{30DF054D-6486-4544-AA3E-2AD57143F0BC}.Release|Any CPU.Build.0 = Release|Any CPU
		{D701139D-50A9-4112-AF63-4708ED30DFD0}.Debug|Any CPU.ActiveCfg = Debug|Any CPU
		{D701139D-50A9-4112-AF63-4708ED30DFD0}.Debug|Any CPU.Build.0 = Debug|Any CPU
		{D701139D-50A9-4112-AF63-4708ED30DFD0}.Release|Any CPU.ActiveCfg = Release|Any CPU
		{D701139D-50A9-4112-AF63-4708ED30DFD0}.Release|Any CPU.Build.0 = Release|Any CPU
	EndGlobalSection
	GlobalSection(SolutionProperties) = preSolution
		HideSolutionNode = FALSE
	EndGlobalSection
	GlobalSection(NestedProjects) = preSolution
		{55A36690-7E6F-4AF6-97A6-FFFADD79D989} = {D297FAF7-1774-4D3E-9B4A-52FA9617148C}
		{44F343C6-AAD9-453B-A40D-C424ECC95A78} = {55A36690-7E6F-4AF6-97A6-FFFADD79D989}
		{CC207A7E-E4B6-4D35-A927-9D48954B4476} = {D297FAF7-1774-4D3E-9B4A-52FA9617148C}
		{00587045-2148-47C4-BA7C-821EDA29B684} = {CC207A7E-E4B6-4D35-A927-9D48954B4476}
		{A7EEF2E7-9377-4824-B2CB-9D684D0067DA} = {D297FAF7-1774-4D3E-9B4A-52FA9617148C}
		{30DF054D-6486-4544-AA3E-2AD57143F0BC} = {A7EEF2E7-9377-4824-B2CB-9D684D0067DA}
		{D701139D-50A9-4112-AF63-4708ED30DFD0} = {A7EEF2E7-9377-4824-B2CB-9D684D0067DA}
	EndGlobalSection
	GlobalSection(ExtensibilityGlobals) = postSolution
		SolutionGuid = {BD8A901F-3277-4CEC-838E-2D06C1F1055B}
	EndGlobalSection
EndGlobal
